
Microsoft Visual Studio Solution File, Format Version 12.00
Project("{FAE04EC0-301F-11D3-BF4B-00C04F79EFBC}") = "HackAssembler", "HackAssembler\HackAssembler.csproj", "{0D8B73AF-CD78-48AA-98A3-4D6F58216DF7}"
EndProject
Global
	GlobalSection(SolutionConfigurationPlatforms) = preSolution
		Debug|Any CPU = Debug|Any CPU
		Release|Any CPU = Release|Any CPU
	EndGlobalSection
	GlobalSection(ProjectConfigurationPlatforms) = postSolution
		{0D8B73AF-CD78-48AA-98A3-4D6F58216DF7}.Debug|Any CPU.ActiveCfg = Debug|Any CPU
		{0D8B73AF-CD78-48AA-98A3-4D6F58216DF7}.Debug|Any CPU.Build.0 = Debug|Any CPU
		{0D8B73AF-CD78-48AA-98A3-4D6F58216DF7}.Release|Any CPU.ActiveCfg = Release|Any CPU
		{0D8B73AF-CD78-48AA-98A3-4D6F58216DF7}.Release|Any CPU.Build.0 = Release|Any CPU
	EndGlobalSection
EndGlobal
