
Microsoft Visual Studio Solution File, Format Version 12.00
Project("{FAE04EC0-301F-11D3-BF4B-00C04F79EFBC}") = "HackAssembler", "HackAssembler\HackAssembler.csproj", "{0D8B73AF-CD78-48AA-98A3-4D6F58216DF7}"
EndProject
Project("{FAE04EC0-301F-11D3-BF4B-00C04F79EFBC}") = "VmHackAsmTranslator", "VmHackAsmTranslator\VmHackAsmTranslator.csproj", "{30B07088-3B76-43E0-BC3E-5B7C149D8EE5}"
EndProject
Project("{FAE04EC0-301F-11D3-BF4B-00C04F79EFBC}") = "JackCompiler", "JackCompiler\JackCompiler.csproj", "{8186D9BC-A1D0-40CE-80F3-2DCAA5E697A9}"
EndProject
Project("{FAE04EC0-301F-11D3-BF4B-00C04F79EFBC}") = "FileHandling", "FileHandling\FileHandling.csproj", "{6ECC2141-A945-4AF5-8146-EB9FFDF4E18A}"
EndProject
Global
	GlobalSection(SolutionConfigurationPlatforms) = preSolution
		Debug|Any CPU = Debug|Any CPU
		Release|Any CPU = Release|Any CPU
	EndGlobalSection
	GlobalSection(ProjectConfigurationPlatforms) = postSolution
		{0D8B73AF-CD78-48AA-98A3-4D6F58216DF7}.Debug|Any CPU.ActiveCfg = Debug|Any CPU
		{0D8B73AF-CD78-48AA-98A3-4D6F58216DF7}.Debug|Any CPU.Build.0 = Debug|Any CPU
		{0D8B73AF-CD78-48AA-98A3-4D6F58216DF7}.Release|Any CPU.ActiveCfg = Release|Any CPU
		{0D8B73AF-CD78-48AA-98A3-4D6F58216DF7}.Release|Any CPU.Build.0 = Release|Any CPU
		{30B07088-3B76-43E0-BC3E-5B7C149D8EE5}.Debug|Any CPU.ActiveCfg = Debug|Any CPU
		{30B07088-3B76-43E0-BC3E-5B7C149D8EE5}.Debug|Any CPU.Build.0 = Debug|Any CPU
		{30B07088-3B76-43E0-BC3E-5B7C149D8EE5}.Release|Any CPU.ActiveCfg = Release|Any CPU
		{30B07088-3B76-43E0-BC3E-5B7C149D8EE5}.Release|Any CPU.Build.0 = Release|Any CPU
		{8186D9BC-A1D0-40CE-80F3-2DCAA5E697A9}.Debug|Any CPU.ActiveCfg = Debug|Any CPU
		{8186D9BC-A1D0-40CE-80F3-2DCAA5E697A9}.Debug|Any CPU.Build.0 = Debug|Any CPU
		{8186D9BC-A1D0-40CE-80F3-2DCAA5E697A9}.Release|Any CPU.ActiveCfg = Release|Any CPU
		{8186D9BC-A1D0-40CE-80F3-2DCAA5E697A9}.Release|Any CPU.Build.0 = Release|Any CPU
		{6ECC2141-A945-4AF5-8146-EB9FFDF4E18A}.Debug|Any CPU.ActiveCfg = Debug|Any CPU
		{6ECC2141-A945-4AF5-8146-EB9FFDF4E18A}.Debug|Any CPU.Build.0 = Debug|Any CPU
		{6ECC2141-A945-4AF5-8146-EB9FFDF4E18A}.Release|Any CPU.ActiveCfg = Release|Any CPU
		{6ECC2141-A945-4AF5-8146-EB9FFDF4E18A}.Release|Any CPU.Build.0 = Release|Any CPU
	EndGlobalSection
EndGlobal
